// !$*UTF8*$!
{
	archiveVersion = 1;
	classes = {
	};
	objectVersion = 50;
	objects = {

/* Begin PBXBuildFile section */
		2973A6C120E9AC4E008B0C15 /* AppDelegate.swift in Sources */ = {isa = PBXBuildFile; fileRef = 2973A6C020E9AC4E008B0C15 /* AppDelegate.swift */; };
		2973A6C320E9AC4E008B0C15 /* ViewController.swift in Sources */ = {isa = PBXBuildFile; fileRef = 2973A6C220E9AC4E008B0C15 /* ViewController.swift */; };
		2973A6C620E9AC4E008B0C15 /* Main.storyboard in Resources */ = {isa = PBXBuildFile; fileRef = 2973A6C420E9AC4E008B0C15 /* Main.storyboard */; };
		2973A6C920E9AC4E008B0C15 /* videoDemo2.xcdatamodeld in Sources */ = {isa = PBXBuildFile; fileRef = 2973A6C720E9AC4E008B0C15 /* videoDemo2.xcdatamodeld */; };
		2973A6CB20E9AC4F008B0C15 /* Assets.xcassets in Resources */ = {isa = PBXBuildFile; fileRef = 2973A6CA20E9AC4F008B0C15 /* Assets.xcassets */; };
		2973A6CE20E9AC4F008B0C15 /* LaunchScreen.storyboard in Resources */ = {isa = PBXBuildFile; fileRef = 2973A6CC20E9AC4F008B0C15 /* LaunchScreen.storyboard */; };
		2973A6D920E9AC4F008B0C15 /* videoDemo2Tests.swift in Sources */ = {isa = PBXBuildFile; fileRef = 2973A6D820E9AC4F008B0C15 /* videoDemo2Tests.swift */; };
		2973A6E420E9AC4F008B0C15 /* videoDemo2UITests.swift in Sources */ = {isa = PBXBuildFile; fileRef = 2973A6E320E9AC4F008B0C15 /* videoDemo2UITests.swift */; };
		29897CAD2143144900EC2750 /* CameraViewController.swift in Sources */ = {isa = PBXBuildFile; fileRef = 29897CAC2143144900EC2750 /* CameraViewController.swift */; };
		29897CB52143538B00EC2750 /* VideoViewController.swift in Sources */ = {isa = PBXBuildFile; fileRef = 29897CB42143538B00EC2750 /* VideoViewController.swift */; };
		29897CB82143564500EC2750 /* PreviewVideoViewController.swift in Sources */ = {isa = PBXBuildFile; fileRef = 29897CB72143564500EC2750 /* PreviewVideoViewController.swift */; };
		29F3741B20FACEF800D6A669 /* PreviewViewController.swift in Sources */ = {isa = PBXBuildFile; fileRef = 29F3741A20FACEF800D6A669 /* PreviewViewController.swift */; };
/* End PBXBuildFile section */

/* Begin PBXContainerItemProxy section */
		2973A6D520E9AC4F008B0C15 /* PBXContainerItemProxy */ = {
			isa = PBXContainerItemProxy;
			containerPortal = 2973A6B520E9AC4E008B0C15 /* Project object */;
			proxyType = 1;
			remoteGlobalIDString = 2973A6BC20E9AC4E008B0C15;
			remoteInfo = videoDemo2;
		};
		2973A6E020E9AC4F008B0C15 /* PBXContainerItemProxy */ = {
			isa = PBXContainerItemProxy;
			containerPortal = 2973A6B520E9AC4E008B0C15 /* Project object */;
			proxyType = 1;
			remoteGlobalIDString = 2973A6BC20E9AC4E008B0C15;
			remoteInfo = videoDemo2;
		};
/* End PBXContainerItemProxy section */

/* Begin PBXFileReference section */
		2973A6BD20E9AC4E008B0C15 /* videoDemo2.app */ = {isa = PBXFileReference; explicitFileType = wrapper.application; includeInIndex = 0; path = videoDemo2.app; sourceTree = BUILT_PRODUCTS_DIR; };
		2973A6C020E9AC4E008B0C15 /* AppDelegate.swift */ = {isa = PBXFileReference; lastKnownFileType = sourcecode.swift; path = AppDelegate.swift; sourceTree = "<group>"; };
		2973A6C220E9AC4E008B0C15 /* ViewController.swift */ = {isa = PBXFileReference; lastKnownFileType = sourcecode.swift; path = ViewController.swift; sourceTree = "<group>"; };
		2973A6C520E9AC4E008B0C15 /* Base */ = {isa = PBXFileReference; lastKnownFileType = file.storyboard; name = Base; path = Base.lproj/Main.storyboard; sourceTree = "<group>"; };
		2973A6C820E9AC4E008B0C15 /* videoDemo2.xcdatamodel */ = {isa = PBXFileReference; lastKnownFileType = wrapper.xcdatamodel; path = videoDemo2.xcdatamodel; sourceTree = "<group>"; };
		2973A6CA20E9AC4F008B0C15 /* Assets.xcassets */ = {isa = PBXFileReference; lastKnownFileType = folder.assetcatalog; path = Assets.xcassets; sourceTree = "<group>"; };
		2973A6CD20E9AC4F008B0C15 /* Base */ = {isa = PBXFileReference; lastKnownFileType = file.storyboard; name = Base; path = Base.lproj/LaunchScreen.storyboard; sourceTree = "<group>"; };
		2973A6CF20E9AC4F008B0C15 /* Info.plist */ = {isa = PBXFileReference; lastKnownFileType = text.plist.xml; path = Info.plist; sourceTree = "<group>"; };
		2973A6D420E9AC4F008B0C15 /* videoDemo2Tests.xctest */ = {isa = PBXFileReference; explicitFileType = wrapper.cfbundle; includeInIndex = 0; path = videoDemo2Tests.xctest; sourceTree = BUILT_PRODUCTS_DIR; };
		2973A6D820E9AC4F008B0C15 /* videoDemo2Tests.swift */ = {isa = PBXFileReference; lastKnownFileType = sourcecode.swift; path = videoDemo2Tests.swift; sourceTree = "<group>"; };
		2973A6DA20E9AC4F008B0C15 /* Info.plist */ = {isa = PBXFileReference; lastKnownFileType = text.plist.xml; path = Info.plist; sourceTree = "<group>"; };
		2973A6DF20E9AC4F008B0C15 /* videoDemo2UITests.xctest */ = {isa = PBXFileReference; explicitFileType = wrapper.cfbundle; includeInIndex = 0; path = videoDemo2UITests.xctest; sourceTree = BUILT_PRODUCTS_DIR; };
		2973A6E320E9AC4F008B0C15 /* videoDemo2UITests.swift */ = {isa = PBXFileReference; lastKnownFileType = sourcecode.swift; path = videoDemo2UITests.swift; sourceTree = "<group>"; };
		2973A6E520E9AC4F008B0C15 /* Info.plist */ = {isa = PBXFileReference; lastKnownFileType = text.plist.xml; path = Info.plist; sourceTree = "<group>"; };
		29897CAC2143144900EC2750 /* CameraViewController.swift */ = {isa = PBXFileReference; lastKnownFileType = sourcecode.swift; path = CameraViewController.swift; sourceTree = "<group>"; };
		29897CB42143538B00EC2750 /* VideoViewController.swift */ = {isa = PBXFileReference; lastKnownFileType = sourcecode.swift; path = VideoViewController.swift; sourceTree = "<group>"; };
		29897CB72143564500EC2750 /* PreviewVideoViewController.swift */ = {isa = PBXFileReference; lastKnownFileType = sourcecode.swift; path = PreviewVideoViewController.swift; sourceTree = "<group>"; };
		29F3741A20FACEF800D6A669 /* PreviewViewController.swift */ = {isa = PBXFileReference; lastKnownFileType = sourcecode.swift; path = PreviewViewController.swift; sourceTree = "<group>"; };
/* End PBXFileReference section */

/* Begin PBXFrameworksBuildPhase section */
		2973A6BA20E9AC4E008B0C15 /* Frameworks */ = {
			isa = PBXFrameworksBuildPhase;
			buildActionMask = 2147483647;
			files = (
			);
			runOnlyForDeploymentPostprocessing = 0;
		};
		2973A6D120E9AC4F008B0C15 /* Frameworks */ = {
			isa = PBXFrameworksBuildPhase;
			buildActionMask = 2147483647;
			files = (
			);
			runOnlyForDeploymentPostprocessing = 0;
		};
		2973A6DC20E9AC4F008B0C15 /* Frameworks */ = {
			isa = PBXFrameworksBuildPhase;
			buildActionMask = 2147483647;
			files = (
			);
			runOnlyForDeploymentPostprocessing = 0;
		};
/* End PBXFrameworksBuildPhase section */

/* Begin PBXGroup section */
		2973A6B420E9AC4E008B0C15 = {
			isa = PBXGroup;
			children = (
				2973A6BF20E9AC4E008B0C15 /* videoDemo2 */,
				2973A6D720E9AC4F008B0C15 /* videoDemo2Tests */,
				2973A6E220E9AC4F008B0C15 /* videoDemo2UITests */,
				2973A6BE20E9AC4E008B0C15 /* Products */,
			);
			sourceTree = "<group>";
		};
		2973A6BE20E9AC4E008B0C15 /* Products */ = {
			isa = PBXGroup;
			children = (
				2973A6BD20E9AC4E008B0C15 /* videoDemo2.app */,
				2973A6D420E9AC4F008B0C15 /* videoDemo2Tests.xctest */,
				2973A6DF20E9AC4F008B0C15 /* videoDemo2UITests.xctest */,
			);
			name = Products;
			sourceTree = "<group>";
		};
		2973A6BF20E9AC4E008B0C15 /* videoDemo2 */ = {
			isa = PBXGroup;
			children = (
				29897CB42143538B00EC2750 /* VideoViewController.swift */,
				2973A6C020E9AC4E008B0C15 /* AppDelegate.swift */,
				2973A6C220E9AC4E008B0C15 /* ViewController.swift */,
				29897CAC2143144900EC2750 /* CameraViewController.swift */,
				29F3741A20FACEF800D6A669 /* PreviewViewController.swift */,
				2973A6C420E9AC4E008B0C15 /* Main.storyboard */,
				29897CB72143564500EC2750 /* PreviewVideoViewController.swift */,
				2973A6CA20E9AC4F008B0C15 /* Assets.xcassets */,
				2973A6CC20E9AC4F008B0C15 /* LaunchScreen.storyboard */,
				2973A6CF20E9AC4F008B0C15 /* Info.plist */,
				2973A6C720E9AC4E008B0C15 /* videoDemo2.xcdatamodeld */,
			);
			path = videoDemo2;
			sourceTree = "<group>";
		};
		2973A6D720E9AC4F008B0C15 /* videoDemo2Tests */ = {
			isa = PBXGroup;
			children = (
				2973A6D820E9AC4F008B0C15 /* videoDemo2Tests.swift */,
				2973A6DA20E9AC4F008B0C15 /* Info.plist */,
			);
			path = videoDemo2Tests;
			sourceTree = "<group>";
		};
		2973A6E220E9AC4F008B0C15 /* videoDemo2UITests */ = {
			isa = PBXGroup;
			children = (
				2973A6E320E9AC4F008B0C15 /* videoDemo2UITests.swift */,
				2973A6E520E9AC4F008B0C15 /* Info.plist */,
			);
			path = videoDemo2UITests;
			sourceTree = "<group>";
		};
/* End PBXGroup section */

/* Begin PBXNativeTarget section */
		2973A6BC20E9AC4E008B0C15 /* videoDemo2 */ = {
			isa = PBXNativeTarget;
			buildConfigurationList = 2973A6E820E9AC4F008B0C15 /* Build configuration list for PBXNativeTarget "videoDemo2" */;
			buildPhases = (
				2973A6B920E9AC4E008B0C15 /* Sources */,
				2973A6BA20E9AC4E008B0C15 /* Frameworks */,
				2973A6BB20E9AC4E008B0C15 /* Resources */,
			);
			buildRules = (
			);
			dependencies = (
			);
			name = videoDemo2;
			productName = videoDemo2;
			productReference = 2973A6BD20E9AC4E008B0C15 /* videoDemo2.app */;
			productType = "com.apple.product-type.application";
		};
		2973A6D320E9AC4F008B0C15 /* videoDemo2Tests */ = {
			isa = PBXNativeTarget;
			buildConfigurationList = 2973A6EB20E9AC4F008B0C15 /* Build configuration list for PBXNativeTarget "videoDemo2Tests" */;
			buildPhases = (
				2973A6D020E9AC4F008B0C15 /* Sources */,
				2973A6D120E9AC4F008B0C15 /* Frameworks */,
				2973A6D220E9AC4F008B0C15 /* Resources */,
			);
			buildRules = (
			);
			dependencies = (
				2973A6D620E9AC4F008B0C15 /* PBXTargetDependency */,
			);
			name = videoDemo2Tests;
			productName = videoDemo2Tests;
			productReference = 2973A6D420E9AC4F008B0C15 /* videoDemo2Tests.xctest */;
			productType = "com.apple.product-type.bundle.unit-test";
		};
		2973A6DE20E9AC4F008B0C15 /* videoDemo2UITests */ = {
			isa = PBXNativeTarget;
			buildConfigurationList = 2973A6EE20E9AC4F008B0C15 /* Build configuration list for PBXNativeTarget "videoDemo2UITests" */;
			buildPhases = (
				2973A6DB20E9AC4F008B0C15 /* Sources */,
				2973A6DC20E9AC4F008B0C15 /* Frameworks */,
				2973A6DD20E9AC4F008B0C15 /* Resources */,
			);
			buildRules = (
			);
			dependencies = (
				2973A6E120E9AC4F008B0C15 /* PBXTargetDependency */,
			);
			name = videoDemo2UITests;
			productName = videoDemo2UITests;
			productReference = 2973A6DF20E9AC4F008B0C15 /* videoDemo2UITests.xctest */;
			productType = "com.apple.product-type.bundle.ui-testing";
		};
/* End PBXNativeTarget section */

/* Begin PBXProject section */
		2973A6B520E9AC4E008B0C15 /* Project object */ = {
			isa = PBXProject;
			attributes = {
				LastSwiftUpdateCheck = 0930;
				LastUpgradeCheck = 0930;
				ORGANIZATIONNAME = "xiaoqiang cao";
				TargetAttributes = {
					2973A6BC20E9AC4E008B0C15 = {
						CreatedOnToolsVersion = 9.3;
					};
					2973A6D320E9AC4F008B0C15 = {
						CreatedOnToolsVersion = 9.3;
						TestTargetID = 2973A6BC20E9AC4E008B0C15;
					};
					2973A6DE20E9AC4F008B0C15 = {
						CreatedOnToolsVersion = 9.3;
						TestTargetID = 2973A6BC20E9AC4E008B0C15;
					};
				};
			};
			buildConfigurationList = 2973A6B820E9AC4E008B0C15 /* Build configuration list for PBXProject "videoDemo2" */;
			compatibilityVersion = "Xcode 9.3";
			developmentRegion = en;
			hasScannedForEncodings = 0;
			knownRegions = (
				en,
				Base,
			);
			mainGroup = 2973A6B420E9AC4E008B0C15;
			productRefGroup = 2973A6BE20E9AC4E008B0C15 /* Products */;
			projectDirPath = "";
			projectRoot = "";
			targets = (
				2973A6BC20E9AC4E008B0C15 /* videoDemo2 */,
				2973A6D320E9AC4F008B0C15 /* videoDemo2Tests */,
				2973A6DE20E9AC4F008B0C15 /* videoDemo2UITests */,
			);
		};
/* End PBXProject section */

/* Begin PBXResourcesBuildPhase section */
		2973A6BB20E9AC4E008B0C15 /* Resources */ = {
			isa = PBXResourcesBuildPhase;
			buildActionMask = 2147483647;
			files = (
				2973A6CE20E9AC4F008B0C15 /* LaunchScreen.storyboard in Resources */,
				2973A6CB20E9AC4F008B0C15 /* Assets.xcassets in Resources */,
				2973A6C620E9AC4E008B0C15 /* Main.storyboard in Resources */,
			);
			runOnlyForDeploymentPostprocessing = 0;
		};
		2973A6D220E9AC4F008B0C15 /* Resources */ = {
			isa = PBXResourcesBuildPhase;
			buildActionMask = 2147483647;
			files = (
			);
			runOnlyForDeploymentPostprocessing = 0;
		};
		2973A6DD20E9AC4F008B0C15 /* Resources */ = {
			isa = PBXResourcesBuildPhase;
			buildActionMask = 2147483647;
			files = (
			);
			runOnlyForDeploymentPostprocessing = 0;
		};
/* End PBXResourcesBuildPhase section */

/* Begin PBXSourcesBuildPhase section */
		2973A6B920E9AC4E008B0C15 /* Sources */ = {
			isa = PBXSourcesBuildPhase;
			buildActionMask = 2147483647;
			files = (
				2973A6C920E9AC4E008B0C15 /* videoDemo2.xcdatamodeld in Sources */,
				29897CB82143564500EC2750 /* PreviewVideoViewController.swift in Sources */,
				29897CAD2143144900EC2750 /* CameraViewController.swift in Sources */,
				29897CB52143538B00EC2750 /* VideoViewController.swift in Sources */,
				2973A6C320E9AC4E008B0C15 /* ViewController.swift in Sources */,
				2973A6C120E9AC4E008B0C15 /* AppDelegate.swift in Sources */,
				29F3741B20FACEF800D6A669 /* PreviewViewController.swift in Sources */,
			);
			runOnlyForDeploymentPostprocessing = 0;
		};
		2973A6D020E9AC4F008B0C15 /* Sources */ = {
			isa = PBXSourcesBuildPhase;
			buildActionMask = 2147483647;
			files = (
				2973A6D920E9AC4F008B0C15 /* videoDemo2Tests.swift in Sources */,
			);
			runOnlyForDeploymentPostprocessing = 0;
		};
		2973A6DB20E9AC4F008B0C15 /* Sources */ = {
			isa = PBXSourcesBuildPhase;
			buildActionMask = 2147483647;
			files = (
				2973A6E420E9AC4F008B0C15 /* videoDemo2UITests.swift in Sources */,
			);
			runOnlyForDeploymentPostprocessing = 0;
		};
/* End PBXSourcesBuildPhase section */

/* Begin PBXTargetDependency section */
		2973A6D620E9AC4F008B0C15 /* PBXTargetDependency */ = {
			isa = PBXTargetDependency;
			target = 2973A6BC20E9AC4E008B0C15 /* videoDemo2 */;
			targetProxy = 2973A6D520E9AC4F008B0C15 /* PBXContainerItemProxy */;
		};
		2973A6E120E9AC4F008B0C15 /* PBXTargetDependency */ = {
			isa = PBXTargetDependency;
			target = 2973A6BC20E9AC4E008B0C15 /* videoDemo2 */;
			targetProxy = 2973A6E020E9AC4F008B0C15 /* PBXContainerItemProxy */;
		};
/* End PBXTargetDependency section */

/* Begin PBXVariantGroup section */
		2973A6C420E9AC4E008B0C15 /* Main.storyboard */ = {
			isa = PBXVariantGroup;
			children = (
				2973A6C520E9AC4E008B0C15 /* Base */,
			);
			name = Main.storyboard;
			sourceTree = "<group>";
		};
		2973A6CC20E9AC4F008B0C15 /* LaunchScreen.storyboard */ = {
			isa = PBXVariantGroup;
			children = (
				2973A6CD20E9AC4F008B0C15 /* Base */,
			);
			name = LaunchScreen.storyboard;
			sourceTree = "<group>";
		};
/* End PBXVariantGroup section */

/* Begin XCBuildConfiguration section */
		2973A6E620E9AC4F008B0C15 /* Debug */ = {
			isa = XCBuildConfiguration;
			buildSettings = {
				ALWAYS_SEARCH_USER_PATHS = NO;
				CLANG_ANALYZER_NONNULL = YES;
				CLANG_ANALYZER_NUMBER_OBJECT_CONVERSION = YES_AGGRESSIVE;
				CLANG_CXX_LANGUAGE_STANDARD = "gnu++14";
				CLANG_CXX_LIBRARY = "libc++";
				CLANG_ENABLE_MODULES = YES;
				CLANG_ENABLE_OBJC_ARC = YES;
				CLANG_ENABLE_OBJC_WEAK = YES;
				CLANG_WARN_BLOCK_CAPTURE_AUTORELEASING = YES;
				CLANG_WARN_BOOL_CONVERSION = YES;
				CLANG_WARN_COMMA = YES;
				CLANG_WARN_CONSTANT_CONVERSION = YES;
				CLANG_WARN_DEPRECATED_OBJC_IMPLEMENTATIONS = YES;
				CLANG_WARN_DIRECT_OBJC_ISA_USAGE = YES_ERROR;
				CLANG_WARN_DOCUMENTATION_COMMENTS = YES;
				CLANG_WARN_EMPTY_BODY = YES;
				CLANG_WARN_ENUM_CONVERSION = YES;
				CLANG_WARN_INFINITE_RECURSION = YES;
				CLANG_WARN_INT_CONVERSION = YES;
				CLANG_WARN_NON_LITERAL_NULL_CONVERSION = YES;
				CLANG_WARN_OBJC_IMPLICIT_RETAIN_SELF = YES;
				CLANG_WARN_OBJC_LITERAL_CONVERSION = YES;
				CLANG_WARN_OBJC_ROOT_CLASS = YES_ERROR;
				CLANG_WARN_RANGE_LOOP_ANALYSIS = YES;
				CLANG_WARN_STRICT_PROTOTYPES = YES;
				CLANG_WARN_SUSPICIOUS_MOVE = YES;
				CLANG_WARN_UNGUARDED_AVAILABILITY = YES_AGGRESSIVE;
				CLANG_WARN_UNREACHABLE_CODE = YES;
				CLANG_WARN__DUPLICATE_METHOD_MATCH = YES;
				CODE_SIGN_IDENTITY = "iPhone Developer";
				COPY_PHASE_STRIP = NO;
				DEBUG_INFORMATION_FORMAT = dwarf;
				ENABLE_STRICT_OBJC_MSGSEND = YES;
				ENABLE_TESTABILITY = YES;
				GCC_C_LANGUAGE_STANDARD = gnu11;
				GCC_DYNAMIC_NO_PIC = NO;
				GCC_NO_COMMON_BLOCKS = YES;
				GCC_OPTIMIZATION_LEVEL = 0;
				GCC_PREPROCESSOR_DEFINITIONS = (
					"DEBUG=1",
					"$(inherited)",
				);
				GCC_WARN_64_TO_32_BIT_CONVERSION = YES;
				GCC_WARN_ABOUT_RETURN_TYPE = YES_ERROR;
				GCC_WARN_UNDECLARED_SELECTOR = YES;
				GCC_WARN_UNINITIALIZED_AUTOS = YES_AGGRESSIVE;
				GCC_WARN_UNUSED_FUNCTION = YES;
				GCC_WARN_UNUSED_VARIABLE = YES;
				IPHONEOS_DEPLOYMENT_TARGET = 11.3;
				MTL_ENABLE_DEBUG_INFO = YES;
				ONLY_ACTIVE_ARCH = YES;
				SDKROOT = iphoneos;
				SWIFT_ACTIVE_COMPILATION_CONDITIONS = DEBUG;
				SWIFT_OPTIMIZATION_LEVEL = "-Onone";
			};
			name = Debug;
		};
		2973A6E720E9AC4F008B0C15 /* Release */ = {
			isa = XCBuildConfiguration;
			buildSettings = {
				ALWAYS_SEARCH_USER_PATHS = NO;
				CLANG_ANALYZER_NONNULL = YES;
				CLANG_ANALYZER_NUMBER_OBJECT_CONVERSION = YES_AGGRESSIVE;
				CLANG_CXX_LANGUAGE_STANDARD = "gnu++14";
				CLANG_CXX_LIBRARY = "libc++";
				CLANG_ENABLE_MODULES = YES;
				CLANG_ENABLE_OBJC_ARC = YES;
				CLANG_ENABLE_OBJC_WEAK = YES;
				CLANG_WARN_BLOCK_CAPTURE_AUTORELEASING = YES;
				CLANG_WARN_BOOL_CONVERSION = YES;
				CLANG_WARN_COMMA = YES;
				CLANG_WARN_CONSTANT_CONVERSION = YES;
				CLANG_WARN_DEPRECATED_OBJC_IMPLEMENTATIONS = YES;
				CLANG_WARN_DIRECT_OBJC_ISA_USAGE = YES_ERROR;
				CLANG_WARN_DOCUMENTATION_COMMENTS = YES;
				CLANG_WARN_EMPTY_BODY = YES;
				CLANG_WARN_ENUM_CONVERSION = YES;
				CLANG_WARN_INFINITE_RECURSION = YES;
				CLANG_WARN_INT_CONVERSION = YES;
				CLANG_WARN_NON_LITERAL_NULL_CONVERSION = YES;
				CLANG_WARN_OBJC_IMPLICIT_RETAIN_SELF = YES;
				CLANG_WARN_OBJC_LITERAL_CONVERSION = YES;
				CLANG_WARN_OBJC_ROOT_CLASS = YES_ERROR;
				CLANG_WARN_RANGE_LOOP_ANALYSIS = YES;
				CLANG_WARN_STRICT_PROTOTYPES = YES;
				CLANG_WARN_SUSPICIOUS_MOVE = YES;
				CLANG_WARN_UNGUARDED_AVAILABILITY = YES_AGGRESSIVE;
				CLANG_WARN_UNREACHABLE_CODE = YES;
				CLANG_WARN__DUPLICATE_METHOD_MATCH = YES;
				CODE_SIGN_IDENTITY = "iPhone Developer";
				COPY_PHASE_STRIP = NO;
				DEBUG_INFORMATION_FORMAT = "dwarf-with-dsym";
				ENABLE_NS_ASSERTIONS = NO;
				ENABLE_STRICT_OBJC_MSGSEND = YES;
				GCC_C_LANGUAGE_STANDARD = gnu11;
				GCC_NO_COMMON_BLOCKS = YES;
				GCC_WARN_64_TO_32_BIT_CONVERSION = YES;
				GCC_WARN_ABOUT_RETURN_TYPE = YES_ERROR;
				GCC_WARN_UNDECLARED_SELECTOR = YES;
				GCC_WARN_UNINITIALIZED_AUTOS = YES_AGGRESSIVE;
				GCC_WARN_UNUSED_FUNCTION = YES;
				GCC_WARN_UNUSED_VARIABLE = YES;
				IPHONEOS_DEPLOYMENT_TARGET = 11.3;
				MTL_ENABLE_DEBUG_INFO = NO;
				SDKROOT = iphoneos;
				SWIFT_COMPILATION_MODE = wholemodule;
				SWIFT_OPTIMIZATION_LEVEL = "-O";
				VALIDATE_PRODUCT = YES;
			};
			name = Release;
		};
		2973A6E920E9AC4F008B0C15 /* Debug */ = {
			isa = XCBuildConfiguration;
			buildSettings = {
				ASSETCATALOG_COMPILER_APPICON_NAME = AppIcon;
				CODE_SIGN_STYLE = Automatic;
				DEVELOPMENT_TEAM = SN3Y3D8Y74;
				INFOPLIST_FILE = videoDemo2/Info.plist;
				IPHONEOS_DEPLOYMENT_TARGET = 11.0;
				LD_RUNPATH_SEARCH_PATHS = (
					"$(inherited)",
					"@executable_path/Frameworks",
				);
				PRODUCT_BUNDLE_IDENTIFIER = com.video2.xiao.videoDemo2;
				PRODUCT_NAME = "$(TARGET_NAME)";
				SWIFT_VERSION = 4.0;
				TARGETED_DEVICE_FAMILY = "1,2";
			};
			name = Debug;
		};
		2973A6EA20E9AC4F008B0C15 /* Release */ = {
			isa = XCBuildConfiguration;
			buildSettings = {
				ASSETCATALOG_COMPILER_APPICON_NAME = AppIcon;
				CODE_SIGN_STYLE = Automatic;
				DEVELOPMENT_TEAM = SN3Y3D8Y74;
				INFOPLIST_FILE = videoDemo2/Info.plist;
				IPHONEOS_DEPLOYMENT_TARGET = 11.0;
				LD_RUNPATH_SEARCH_PATHS = (
					"$(inherited)",
					"@executable_path/Frameworks",
				);
				PRODUCT_BUNDLE_IDENTIFIER = com.video2.xiao.videoDemo2;
				PRODUCT_NAME = "$(TARGET_NAME)";
				SWIFT_VERSION = 4.0;
				TARGETED_DEVICE_FAMILY = "1,2";
			};
			name = Release;
		};
		2973A6EC20E9AC4F008B0C15 /* Debug */ = {
			isa = XCBuildConfiguration;
			buildSettings = {
				ALWAYS_EMBED_SWIFT_STANDARD_LIBRARIES = YES;
				BUNDLE_LOADER = "$(TEST_HOST)";
				CODE_SIGN_STYLE = Automatic;
				DEVELOPMENT_TEAM = SN3Y3D8Y74;
				INFOPLIST_FILE = videoDemo2Tests/Info.plist;
				LD_RUNPATH_SEARCH_PATHS = (
					"$(inherited)",
					"@executable_path/Frameworks",
					"@loader_path/Frameworks",
				);
				PRODUCT_BUNDLE_IDENTIFIER = com.video2.xiao.videoDemo2Tests;
				PRODUCT_NAME = "$(TARGET_NAME)";
				SWIFT_VERSION = 4.0;
				TARGETED_DEVICE_FAMILY = "1,2";
				TEST_HOST = "$(BUILT_PRODUCTS_DIR)/videoDemo2.app/videoDemo2";
			};
			name = Debug;
		};
		2973A6ED20E9AC4F008B0C15 /* Release */ = {
			isa = XCBuildConfiguration;
			buildSettings = {
				ALWAYS_EMBED_SWIFT_STANDARD_LIBRARIES = YES;
				BUNDLE_LOADER = "$(TEST_HOST)";
				CODE_SIGN_STYLE = Automatic;
				DEVELOPMENT_TEAM = SN3Y3D8Y74;
				INFOPLIST_FILE = videoDemo2Tests/Info.plist;
				LD_RUNPATH_SEARCH_PATHS = (
					"$(inherited)",
					"@executable_path/Frameworks",
					"@loader_path/Frameworks",
				);
				PRODUCT_BUNDLE_IDENTIFIER = com.video2.xiao.videoDemo2Tests;
				PRODUCT_NAME = "$(TARGET_NAME)";
				SWIFT_VERSION = 4.0;
				TARGETED_DEVICE_FAMILY = "1,2";
				TEST_HOST = "$(BUILT_PRODUCTS_DIR)/videoDemo2.app/videoDemo2";
			};
			name = Release;
		};
		2973A6EF20E9AC4F008B0C15 /* Debug */ = {
			isa = XCBuildConfiguration;
			buildSettings = {
				ALWAYS_EMBED_SWIFT_STANDARD_LIBRARIES = YES;
				CODE_SIGN_STYLE = Automatic;
				DEVELOPMENT_TEAM = SN3Y3D8Y74;
				INFOPLIST_FILE = videoDemo2UITests/Info.plist;
				LD_RUNPATH_SEARCH_PATHS = (
					"$(inherited)",
					"@executable_path/Frameworks",
					"@loader_path/Frameworks",
				);
				PRODUCT_BUNDLE_IDENTIFIER = com.video2.xiao.videoDemo2UITests;
				PRODUCT_NAME = "$(TARGET_NAME)";
				SWIFT_VERSION = 4.0;
				TARGETED_DEVICE_FAMILY = "1,2";
				TEST_TARGET_NAME = videoDemo2;
			};
			name = Debug;
		};
		2973A6F020E9AC4F008B0C15 /* Release */ = {
			isa = XCBuildConfiguration;
			buildSettings = {
				ALWAYS_EMBED_SWIFT_STANDARD_LIBRARIES = YES;
				CODE_SIGN_STYLE = Automatic;
				DEVELOPMENT_TEAM = SN3Y3D8Y74;
				INFOPLIST_FILE = videoDemo2UITests/Info.plist;
				LD_RUNPATH_SEARCH_PATHS = (
					"$(inherited)",
					"@executable_path/Frameworks",
					"@loader_path/Frameworks",
				);
				PRODUCT_BUNDLE_IDENTIFIER = com.video2.xiao.videoDemo2UITests;
				PRODUCT_NAME = "$(TARGET_NAME)";
				SWIFT_VERSION = 4.0;
				TARGETED_DEVICE_FAMILY = "1,2";
				TEST_TARGET_NAME = videoDemo2;
			};
			name = Release;
		};
/* End XCBuildConfiguration section */

/* Begin XCConfigurationList section */
		2973A6B820E9AC4E008B0C15 /* Build configuration list for PBXProject "videoDemo2" */ = {
			isa = XCConfigurationList;
			buildConfigurations = (
				2973A6E620E9AC4F008B0C15 /* Debug */,
				2973A6E720E9AC4F008B0C15 /* Release */,
			);
			defaultConfigurationIsVisible = 0;
			defaultConfigurationName = Release;
		};
		2973A6E820E9AC4F008B0C15 /* Build configuration list for PBXNativeTarget "videoDemo2" */ = {
			isa = XCConfigurationList;
			buildConfigurations = (
				2973A6E920E9AC4F008B0C15 /* Debug */,
				2973A6EA20E9AC4F008B0C15 /* Release */,
			);
			defaultConfigurationIsVisible = 0;
			defaultConfigurationName = Release;
		};
		2973A6EB20E9AC4F008B0C15 /* Build configuration list for PBXNativeTarget "videoDemo2Tests" */ = {
			isa = XCConfigurationList;
			buildConfigurations = (
				2973A6EC20E9AC4F008B0C15 /* Debug */,
				2973A6ED20E9AC4F008B0C15 /* Release */,
			);
			defaultConfigurationIsVisible = 0;
			defaultConfigurationName = Release;
		};
		2973A6EE20E9AC4F008B0C15 /* Build configuration list for PBXNativeTarget "videoDemo2UITests" */ = {
			isa = XCConfigurationList;
			buildConfigurations = (
				2973A6EF20E9AC4F008B0C15 /* Debug */,
				2973A6F020E9AC4F008B0C15 /* Release */,
			);
			defaultConfigurationIsVisible = 0;
			defaultConfigurationName = Release;
		};
/* End XCConfigurationList section */

/* Begin XCVersionGroup section */
		2973A6C720E9AC4E008B0C15 /* videoDemo2.xcdatamodeld */ = {
			isa = XCVersionGroup;
			children = (
				2973A6C820E9AC4E008B0C15 /* videoDemo2.xcdatamodel */,
			);
			currentVersion = 2973A6C820E9AC4E008B0C15 /* videoDemo2.xcdatamodel */;
			path = videoDemo2.xcdatamodeld;
			sourceTree = "<group>";
			versionGroupType = wrapper.xcdatamodel;
		};
/* End XCVersionGroup section */
	};
	rootObject = 2973A6B520E9AC4E008B0C15 /* Project object */;
}
